
Microsoft Visual Studio Solution File, Format Version 12.00
# Visual Studio Version 17
VisualStudioVersion = 17.0.31521.260
MinimumVisualStudioVersion = 10.0.40219.1
Project("{FAE04EC0-301F-11D3-BF4B-00C04F79EFBC}") = "ServerGeneratedClientConfig", "ServerGeneratedClientConfig\ServerGeneratedClientConfig.csproj", "{D628D2AD-4210-4F7C-AC39-0C00DE84D0D8}"
EndProject
Project("{FAE04EC0-301F-11D3-BF4B-00C04F79EFBC}") = "ClientSideConfig", "ClientSideConfig\ClientSideConfig.csproj", "{10C0DF4F-4C24-4C26-B1F8-3F0376B4C2AD}"
EndProject
Global
	GlobalSection(SolutionConfigurationPlatforms) = preSolution
		Debug|Any CPU = Debug|Any CPU
		Release|Any CPU = Release|Any CPU
	EndGlobalSection
	GlobalSection(ProjectConfigurationPlatforms) = postSolution
		{D628D2AD-4210-4F7C-AC39-0C00DE84D0D8}.Debug|Any CPU.ActiveCfg = Debug|Any CPU
		{D628D2AD-4210-4F7C-AC39-0C00DE84D0D8}.Debug|Any CPU.Build.0 = Debug|Any CPU
		{D628D2AD-4210-4F7C-AC39-0C00DE84D0D8}.Release|Any CPU.ActiveCfg = Release|Any CPU
		{D628D2AD-4210-4F7C-AC39-0C00DE84D0D8}.Release|Any CPU.Build.0 = Release|Any CPU
		{10C0DF4F-4C24-4C26-B1F8-3F0376B4C2AD}.Debug|Any CPU.ActiveCfg = Debug|Any CPU
		{10C0DF4F-4C24-4C26-B1F8-3F0376B4C2AD}.Debug|Any CPU.Build.0 = Debug|Any CPU
		{10C0DF4F-4C24-4C26-B1F8-3F0376B4C2AD}.Release|Any CPU.ActiveCfg = Release|Any CPU
		{10C0DF4F-4C24-4C26-B1F8-3F0376B4C2AD}.Release|Any CPU.Build.0 = Release|Any CPU
	EndGlobalSection
	GlobalSection(SolutionProperties) = preSolution
		HideSolutionNode = FALSE
	EndGlobalSection
	GlobalSection(ExtensibilityGlobals) = postSolution
		SolutionGuid = {AE9E0DA4-FEC8-4B0B-9D5D-9B02CC588390}
	EndGlobalSection
EndGlobal
